
Microsoft Visual Studio Solution File, Format Version 12.00
# Visual Studio Version 17
VisualStudioVersion = 17.8.34309.116
MinimumVisualStudioVersion = 10.0.40219.1
Project("{9A19103F-16F7-4668-BE54-9A1E7A4F7556}") = "EntityFrameworkCore.WebAPI", "EntityFrameworkCore.WebAPI\EntityFrameworkCore.WebAPI.csproj", "{B449EC24-5125-489D-A951-42F4F89367C2}"
EndProject
Global
	GlobalSection(SolutionConfigurationPlatforms) = preSolution
		Debug|Any CPU = Debug|Any CPU
		Release|Any CPU = Release|Any CPU
	EndGlobalSection
	GlobalSection(ProjectConfigurationPlatforms) = postSolution
		{B449EC24-5125-489D-A951-42F4F89367C2}.Debug|Any CPU.ActiveCfg = Debug|Any CPU
		{B449EC24-5125-489D-A951-42F4F89367C2}.Debug|Any CPU.Build.0 = Debug|Any CPU
		{B449EC24-5125-489D-A951-42F4F89367C2}.Release|Any CPU.ActiveCfg = Release|Any CPU
		{B449EC24-5125-489D-A951-42F4F89367C2}.Release|Any CPU.Build.0 = Release|Any CPU
	EndGlobalSection
	GlobalSection(SolutionProperties) = preSolution
		HideSolutionNode = FALSE
	EndGlobalSection
	GlobalSection(ExtensibilityGlobals) = postSolution
		SolutionGuid = {D9ED9B9B-4D9A-48F2-B19B-258C5EC31A70}
	EndGlobalSection
EndGlobal
